// !$*UTF8*$!
{
	archiveVersion = 1;
	classes = {
	};
	objectVersion = 50;
	objects = {

/* Begin PBXBuildFile section */
		9FAFE5D4257564DE005F503B /* Searchbar_SwiftuiApp.swift in Sources */ = {isa = PBXBuildFile; fileRef = 9FAFE5D3257564DE005F503B /* Searchbar_SwiftuiApp.swift */; };
		9FAFE5D6257564DE005F503B /* ContentView.swift in Sources */ = {isa = PBXBuildFile; fileRef = 9FAFE5D5257564DE005F503B /* ContentView.swift */; };
		9FAFE5D8257564DF005F503B /* Assets.xcassets in Resources */ = {isa = PBXBuildFile; fileRef = 9FAFE5D7257564DF005F503B /* Assets.xcassets */; };
		9FAFE5DB257564E0005F503B /* Preview Assets.xcassets in Resources */ = {isa = PBXBuildFile; fileRef = 9FAFE5DA257564E0005F503B /* Preview Assets.xcassets */; };
		9FAFE5E825756508005F503B /* Home.swift in Sources */ = {isa = PBXBuildFile; fileRef = 9FAFE5E725756508005F503B /* Home.swift */; };
		9FAFE5EE25756541005F503B /* AppItem.swift in Sources */ = {isa = PBXBuildFile; fileRef = 9FAFE5ED25756541005F503B /* AppItem.swift */; };
		9FAFE5F12575654F005F503B /* CardView.swift in Sources */ = {isa = PBXBuildFile; fileRef = 9FAFE5F02575654F005F503B /* CardView.swift */; };
		9FAFE5F42575655A005F503B /* CustomNavigationView.swift in Sources */ = {isa = PBXBuildFile; fileRef = 9FAFE5F325756559005F503B /* CustomNavigationView.swift */; };
/* End PBXBuildFile section */

/* Begin PBXFileReference section */
		9FAFE5D0257564DE005F503B /* Searchbar Swiftui.app */ = {isa = PBXFileReference; explicitFileType = wrapper.application; includeInIndex = 0; path = "Searchbar Swiftui.app"; sourceTree = BUILT_PRODUCTS_DIR; };
		9FAFE5D3257564DE005F503B /* Searchbar_SwiftuiApp.swift */ = {isa = PBXFileReference; lastKnownFileType = sourcecode.swift; path = Searchbar_SwiftuiApp.swift; sourceTree = "<group>"; };
		9FAFE5D5257564DE005F503B /* ContentView.swift */ = {isa = PBXFileReference; lastKnownFileType = sourcecode.swift; path = ContentView.swift; sourceTree = "<group>"; };
		9FAFE5D7257564DF005F503B /* Assets.xcassets */ = {isa = PBXFileReference; lastKnownFileType = folder.assetcatalog; path = Assets.xcassets; sourceTree = "<group>"; };
		9FAFE5DA257564E0005F503B /* Preview Assets.xcassets */ = {isa = PBXFileReference; lastKnownFileType = folder.assetcatalog; path = "Preview Assets.xcassets"; sourceTree = "<group>"; };
		9FAFE5DC257564E0005F503B /* Info.plist */ = {isa = PBXFileReference; lastKnownFileType = text.plist.xml; path = Info.plist; sourceTree = "<group>"; };
		9FAFE5E725756508005F503B /* Home.swift */ = {isa = PBXFileReference; lastKnownFileType = sourcecode.swift; path = Home.swift; sourceTree = "<group>"; };
		9FAFE5ED25756541005F503B /* AppItem.swift */ = {isa = PBXFileReference; fileEncoding = 4; lastKnownFileType = sourcecode.swift; path = AppItem.swift; sourceTree = "<group>"; };
		9FAFE5F02575654F005F503B /* CardView.swift */ = {isa = PBXFileReference; lastKnownFileType = sourcecode.swift; path = CardView.swift; sourceTree = "<group>"; };
		9FAFE5F325756559005F503B /* CustomNavigationView.swift */ = {isa = PBXFileReference; lastKnownFileType = sourcecode.swift; path = CustomNavigationView.swift; sourceTree = "<group>"; };
/* End PBXFileReference section */

/* Begin PBXFrameworksBuildPhase section */
		9FAFE5CD257564DE005F503B /* Frameworks */ = {
			isa = PBXFrameworksBuildPhase;
			buildActionMask = 2147483647;
			files = (
			);
			runOnlyForDeploymentPostprocessing = 0;
		};
/* End PBXFrameworksBuildPhase section */

/* Begin PBXGroup section */
		9FAFE5C7257564DE005F503B = {
			isa = PBXGroup;
			children = (
				9FAFE5D2257564DE005F503B /* Searchbar Swiftui */,
				9FAFE5D1257564DE005F503B /* Products */,
			);
			sourceTree = "<group>";
		};
		9FAFE5D1257564DE005F503B /* Products */ = {
			isa = PBXGroup;
			children = (
				9FAFE5D0257564DE005F503B /* Searchbar Swiftui.app */,
			);
			name = Products;
			sourceTree = "<group>";
		};
		9FAFE5D2257564DE005F503B /* Searchbar Swiftui */ = {
			isa = PBXGroup;
			children = (
				9FAFE5D3257564DE005F503B /* Searchbar_SwiftuiApp.swift */,
				9FAFE5E5257564F8005F503B /* model */,
				9FAFE5E4257564F1005F503B /* view */,
				9FAFE5E3257564EB005F503B /* scenes */,
				9FAFE5D7257564DF005F503B /* Assets.xcassets */,
				9FAFE5DC257564E0005F503B /* Info.plist */,
				9FAFE5D9257564E0005F503B /* Preview Content */,
			);
			path = "Searchbar Swiftui";
			sourceTree = "<group>";
		};
		9FAFE5D9257564E0005F503B /* Preview Content */ = {
			isa = PBXGroup;
			children = (
				9FAFE5DA257564E0005F503B /* Preview Assets.xcassets */,
			);
			path = "Preview Content";
			sourceTree = "<group>";
		};
		9FAFE5E3257564EB005F503B /* scenes */ = {
			isa = PBXGroup;
			children = (
				9FAFE5D5257564DE005F503B /* ContentView.swift */,
				9FAFE5E725756508005F503B /* Home.swift */,
			);
			path = scenes;
			sourceTree = "<group>";
		};
		9FAFE5E4257564F1005F503B /* view */ = {
			isa = PBXGroup;
			children = (
				9FAFE5F02575654F005F503B /* CardView.swift */,
				9FAFE5F325756559005F503B /* CustomNavigationView.swift */,
			);
			path = view;
			sourceTree = "<group>";
		};
		9FAFE5E5257564F8005F503B /* model */ = {
			isa = PBXGroup;
			children = (
				9FAFE5ED25756541005F503B /* AppItem.swift */,
			);
			path = model;
			sourceTree = "<group>";
		};
/* End PBXGroup section */

/* Begin PBXNativeTarget section */
		9FAFE5CF257564DE005F503B /* Searchbar Swiftui */ = {
			isa = PBXNativeTarget;
			buildConfigurationList = 9FAFE5DF257564E0005F503B /* Build configuration list for PBXNativeTarget "Searchbar Swiftui" */;
			buildPhases = (
				9FAFE5CC257564DE005F503B /* Sources */,
				9FAFE5CD257564DE005F503B /* Frameworks */,
				9FAFE5CE257564DE005F503B /* Resources */,
			);
			buildRules = (
			);
			dependencies = (
			);
			name = "Searchbar Swiftui";
			productName = "Searchbar Swiftui";
			productReference = 9FAFE5D0257564DE005F503B /* Searchbar Swiftui.app */;
			productType = "com.apple.product-type.application";
		};
/* End PBXNativeTarget section */

/* Begin PBXProject section */
		9FAFE5C8257564DE005F503B /* Project object */ = {
			isa = PBXProject;
			attributes = {
				LastSwiftUpdateCheck = 1200;
				LastUpgradeCheck = 1200;
				TargetAttributes = {
					9FAFE5CF257564DE005F503B = {
						CreatedOnToolsVersion = 12.0;
					};
				};
			};
			buildConfigurationList = 9FAFE5CB257564DE005F503B /* Build configuration list for PBXProject "Searchbar Swiftui" */;
			compatibilityVersion = "Xcode 9.3";
			developmentRegion = en;
			hasScannedForEncodings = 0;
			knownRegions = (
				en,
				Base,
			);
			mainGroup = 9FAFE5C7257564DE005F503B;
			productRefGroup = 9FAFE5D1257564DE005F503B /* Products */;
			projectDirPath = "";
			projectRoot = "";
			targets = (
				9FAFE5CF257564DE005F503B /* Searchbar Swiftui */,
			);
		};
/* End PBXProject section */

/* Begin PBXResourcesBuildPhase section */
		9FAFE5CE257564DE005F503B /* Resources */ = {
			isa = PBXResourcesBuildPhase;
			buildActionMask = 2147483647;
			files = (
				9FAFE5DB257564E0005F503B /* Preview Assets.xcassets in Resources */,
				9FAFE5D8257564DF005F503B /* Assets.xcassets in Resources */,
			);
			runOnlyForDeploymentPostprocessing = 0;
		};
/* End PBXResourcesBuildPhase section */

/* Begin PBXSourcesBuildPhase section */
		9FAFE5CC257564DE005F503B /* Sources */ = {
			isa = PBXSourcesBuildPhase;
			buildActionMask = 2147483647;
			files = (
				9FAFE5EE25756541005F503B /* AppItem.swift in Sources */,
				9FAFE5D6257564DE005F503B /* ContentView.swift in Sources */,
				9FAFE5E825756508005F503B /* Home.swift in Sources */,
				9FAFE5F42575655A005F503B /* CustomNavigationView.swift in Sources */,
				9FAFE5D4257564DE005F503B /* Searchbar_SwiftuiApp.swift in Sources */,
				9FAFE5F12575654F005F503B /* CardView.swift in Sources */,
			);
			runOnlyForDeploymentPostprocessing = 0;
		};
/* End PBXSourcesBuildPhase section */

/* Begin XCBuildConfiguration section */
		9FAFE5DD257564E0005F503B /* Debug */ = {
			isa = XCBuildConfiguration;
			buildSettings = {
				ALWAYS_SEARCH_USER_PATHS = NO;
				CLANG_ANALYZER_NONNULL = YES;
				CLANG_ANALYZER_NUMBER_OBJECT_CONVERSION = YES_AGGRESSIVE;
				CLANG_CXX_LANGUAGE_STANDARD = "gnu++14";
				CLANG_CXX_LIBRARY = "libc++";
				CLANG_ENABLE_MODULES = YES;
				CLANG_ENABLE_OBJC_ARC = YES;
				CLANG_ENABLE_OBJC_WEAK = YES;
				CLANG_WARN_BLOCK_CAPTURE_AUTORELEASING = YES;
				CLANG_WARN_BOOL_CONVERSION = YES;
				CLANG_WARN_COMMA = YES;
				CLANG_WARN_CONSTANT_CONVERSION = YES;
				CLANG_WARN_DEPRECATED_OBJC_IMPLEMENTATIONS = YES;
				CLANG_WARN_DIRECT_OBJC_ISA_USAGE = YES_ERROR;
				CLANG_WARN_DOCUMENTATION_COMMENTS = YES;
				CLANG_WARN_EMPTY_BODY = YES;
				CLANG_WARN_ENUM_CONVERSION = YES;
				CLANG_WARN_INFINITE_RECURSION = YES;
				CLANG_WARN_INT_CONVERSION = YES;
				CLANG_WARN_NON_LITERAL_NULL_CONVERSION = YES;
				CLANG_WARN_OBJC_IMPLICIT_RETAIN_SELF = YES;
				CLANG_WARN_OBJC_LITERAL_CONVERSION = YES;
				CLANG_WARN_OBJC_ROOT_CLASS = YES_ERROR;
				CLANG_WARN_QUOTED_INCLUDE_IN_FRAMEWORK_HEADER = YES;
				CLANG_WARN_RANGE_LOOP_ANALYSIS = YES;
				CLANG_WARN_STRICT_PROTOTYPES = YES;
				CLANG_WARN_SUSPICIOUS_MOVE = YES;
				CLANG_WARN_UNGUARDED_AVAILABILITY = YES_AGGRESSIVE;
				CLANG_WARN_UNREACHABLE_CODE = YES;
				CLANG_WARN__DUPLICATE_METHOD_MATCH = YES;
				COPY_PHASE_STRIP = NO;
				DEBUG_INFORMATION_FORMAT = dwarf;
				ENABLE_STRICT_OBJC_MSGSEND = YES;
				ENABLE_TESTABILITY = YES;
				GCC_C_LANGUAGE_STANDARD = gnu11;
				GCC_DYNAMIC_NO_PIC = NO;
				GCC_NO_COMMON_BLOCKS = YES;
				GCC_OPTIMIZATION_LEVEL = 0;
				GCC_PREPROCESSOR_DEFINITIONS = (
					"DEBUG=1",
					"$(inherited)",
				);
				GCC_WARN_64_TO_32_BIT_CONVERSION = YES;
				GCC_WARN_ABOUT_RETURN_TYPE = YES_ERROR;
				GCC_WARN_UNDECLARED_SELECTOR = YES;
				GCC_WARN_UNINITIALIZED_AUTOS = YES_AGGRESSIVE;
				GCC_WARN_UNUSED_FUNCTION = YES;
				GCC_WARN_UNUSED_VARIABLE = YES;
				IPHONEOS_DEPLOYMENT_TARGET = 14.0;
				MTL_ENABLE_DEBUG_INFO = INCLUDE_SOURCE;
				MTL_FAST_MATH = YES;
				ONLY_ACTIVE_ARCH = YES;
				SDKROOT = iphoneos;
				SWIFT_ACTIVE_COMPILATION_CONDITIONS = DEBUG;
				SWIFT_OPTIMIZATION_LEVEL = "-Onone";
			};
			name = Debug;
		};
		9FAFE5DE257564E0005F503B /* Release */ = {
			isa = XCBuildConfiguration;
			buildSettings = {
				ALWAYS_SEARCH_USER_PATHS = NO;
				CLANG_ANALYZER_NONNULL = YES;
				CLANG_ANALYZER_NUMBER_OBJECT_CONVERSION = YES_AGGRESSIVE;
				CLANG_CXX_LANGUAGE_STANDARD = "gnu++14";
				CLANG_CXX_LIBRARY = "libc++";
				CLANG_ENABLE_MODULES = YES;
				CLANG_ENABLE_OBJC_ARC = YES;
				CLANG_ENABLE_OBJC_WEAK = YES;
				CLANG_WARN_BLOCK_CAPTURE_AUTORELEASING = YES;
				CLANG_WARN_BOOL_CONVERSION = YES;
				CLANG_WARN_COMMA = YES;
				CLANG_WARN_CONSTANT_CONVERSION = YES;
				CLANG_WARN_DEPRECATED_OBJC_IMPLEMENTATIONS = YES;
				CLANG_WARN_DIRECT_OBJC_ISA_USAGE = YES_ERROR;
				CLANG_WARN_DOCUMENTATION_COMMENTS = YES;
				CLANG_WARN_EMPTY_BODY = YES;
				CLANG_WARN_ENUM_CONVERSION = YES;
				CLANG_WARN_INFINITE_RECURSION = YES;
				CLANG_WARN_INT_CONVERSION = YES;
				CLANG_WARN_NON_LITERAL_NULL_CONVERSION = YES;
				CLANG_WARN_OBJC_IMPLICIT_RETAIN_SELF = YES;
				CLANG_WARN_OBJC_LITERAL_CONVERSION = YES;
				CLANG_WARN_OBJC_ROOT_CLASS = YES_ERROR;
				CLANG_WARN_QUOTED_INCLUDE_IN_FRAMEWORK_HEADER = YES;
				CLANG_WARN_RANGE_LOOP_ANALYSIS = YES;
				CLANG_WARN_STRICT_PROTOTYPES = YES;
				CLANG_WARN_SUSPICIOUS_MOVE = YES;
				CLANG_WARN_UNGUARDED_AVAILABILITY = YES_AGGRESSIVE;
				CLANG_WARN_UNREACHABLE_CODE = YES;
				CLANG_WARN__DUPLICATE_METHOD_MATCH = YES;
				COPY_PHASE_STRIP = NO;
				DEBUG_INFORMATION_FORMAT = "dwarf-with-dsym";
				ENABLE_NS_ASSERTIONS = NO;
				ENABLE_STRICT_OBJC_MSGSEND = YES;
				GCC_C_LANGUAGE_STANDARD = gnu11;
				GCC_NO_COMMON_BLOCKS = YES;
				GCC_WARN_64_TO_32_BIT_CONVERSION = YES;
				GCC_WARN_ABOUT_RETURN_TYPE = YES_ERROR;
				GCC_WARN_UNDECLARED_SELECTOR = YES;
				GCC_WARN_UNINITIALIZED_AUTOS = YES_AGGRESSIVE;
				GCC_WARN_UNUSED_FUNCTION = YES;
				GCC_WARN_UNUSED_VARIABLE = YES;
				IPHONEOS_DEPLOYMENT_TARGET = 14.0;
				MTL_ENABLE_DEBUG_INFO = NO;
				MTL_FAST_MATH = YES;
				SDKROOT = iphoneos;
				SWIFT_COMPILATION_MODE = wholemodule;
				SWIFT_OPTIMIZATION_LEVEL = "-O";
				VALIDATE_PRODUCT = YES;
			};
			name = Release;
		};
		9FAFE5E0257564E0005F503B /* Debug */ = {
			isa = XCBuildConfiguration;
			buildSettings = {
				ASSETCATALOG_COMPILER_APPICON_NAME = AppIcon;
				ASSETCATALOG_COMPILER_GLOBAL_ACCENT_COLOR_NAME = AccentColor;
				CODE_SIGN_STYLE = Automatic;
				DEVELOPMENT_ASSET_PATHS = "\"Searchbar Swiftui/Preview Content\"";
				DEVELOPMENT_TEAM = 5RTZJMVRS2;
				ENABLE_PREVIEWS = YES;
				INFOPLIST_FILE = "Searchbar Swiftui/Info.plist";
				IPHONEOS_DEPLOYMENT_TARGET = 14.0;
				LD_RUNPATH_SEARCH_PATHS = (
					"$(inherited)",
					"@executable_path/Frameworks",
				);
				PRODUCT_BUNDLE_IDENTIFIER = "com.hosam.net.Searchbar-Swiftui";
				PRODUCT_NAME = "$(TARGET_NAME)";
				SWIFT_VERSION = 5.0;
				TARGETED_DEVICE_FAMILY = "1,2";
			};
			name = Debug;
		};
		9FAFE5E1257564E0005F503B /* Release */ = {
			isa = XCBuildConfiguration;
			buildSettings = {
				ASSETCATALOG_COMPILER_APPICON_NAME = AppIcon;
				ASSETCATALOG_COMPILER_GLOBAL_ACCENT_COLOR_NAME = AccentColor;
				CODE_SIGN_STYLE = Automatic;
				DEVELOPMENT_ASSET_PATHS = "\"Searchbar Swiftui/Preview Content\"";
				DEVELOPMENT_TEAM = 5RTZJMVRS2;
				ENABLE_PREVIEWS = YES;
				INFOPLIST_FILE = "Searchbar Swiftui/Info.plist";
				IPHONEOS_DEPLOYMENT_TARGET = 14.0;
				LD_RUNPATH_SEARCH_PATHS = (
					"$(inherited)",
					"@executable_path/Frameworks",
				);
				PRODUCT_BUNDLE_IDENTIFIER = "com.hosam.net.Searchbar-Swiftui";
				PRODUCT_NAME = "$(TARGET_NAME)";
				SWIFT_VERSION = 5.0;
				TARGETED_DEVICE_FAMILY = "1,2";
			};
			name = Release;
		};
/* End XCBuildConfiguration section */

/* Begin XCConfigurationList section */
		9FAFE5CB257564DE005F503B /* Build configuration list for PBXProject "Searchbar Swiftui" */ = {
			isa = XCConfigurationList;
			buildConfigurations = (
				9FAFE5DD257564E0005F503B /* Debug */,
				9FAFE5DE257564E0005F503B /* Release */,
			);
			defaultConfigurationIsVisible = 0;
			defaultConfigurationName = Release;
		};
		9FAFE5DF257564E0005F503B /* Build configuration list for PBXNativeTarget "Searchbar Swiftui" */ = {
			isa = XCConfigurationList;
			buildConfigurations = (
				9FAFE5E0257564E0005F503B /* Debug */,
				9FAFE5E1257564E0005F503B /* Release */,
			);
			defaultConfigurationIsVisible = 0;
			defaultConfigurationName = Release;
		};
/* End XCConfigurationList section */
	};
	rootObject = 9FAFE5C8257564DE005F503B /* Project object */;
}
